// !$*UTF8*$!
{
	archiveVersion = 1;
	classes = {
	};
	objectVersion = 50;
	objects = {

/* Begin PBXBuildFile section */
		00E317FE2563F5E60017F21C /* AppDelegate.swift in Sources */ = {isa = PBXBuildFile; fileRef = 00E317FD2563F5E60017F21C /* AppDelegate.swift */; };
		00E318002563F5E60017F21C /* SceneDelegate.swift in Sources */ = {isa = PBXBuildFile; fileRef = 00E317FF2563F5E60017F21C /* SceneDelegate.swift */; };
		00E318022563F5E60017F21C /* ViewController.swift in Sources */ = {isa = PBXBuildFile; fileRef = 00E318012563F5E60017F21C /* ViewController.swift */; };
		00E318052563F5E60017F21C /* Main.storyboard in Resources */ = {isa = PBXBuildFile; fileRef = 00E318032563F5E60017F21C /* Main.storyboard */; };
		00E318072563F5E80017F21C /* Assets.xcassets in Resources */ = {isa = PBXBuildFile; fileRef = 00E318062563F5E80017F21C /* Assets.xcassets */; };
		00E3180A2563F5E80017F21C /* LaunchScreen.storyboard in Resources */ = {isa = PBXBuildFile; fileRef = 00E318082563F5E80017F21C /* LaunchScreen.storyboard */; };
/* End PBXBuildFile section */

/* Begin PBXFileReference section */
		00E317FA2563F5E60017F21C /* t-chatReworked.app */ = {isa = PBXFileReference; explicitFileType = wrapper.application; includeInIndex = 0; path = "t-chatReworked.app"; sourceTree = BUILT_PRODUCTS_DIR; };
		00E317FD2563F5E60017F21C /* AppDelegate.swift */ = {isa = PBXFileReference; lastKnownFileType = sourcecode.swift; path = AppDelegate.swift; sourceTree = "<group>"; };
		00E317FF2563F5E60017F21C /* SceneDelegate.swift */ = {isa = PBXFileReference; lastKnownFileType = sourcecode.swift; path = SceneDelegate.swift; sourceTree = "<group>"; };
		00E318012563F5E60017F21C /* ViewController.swift */ = {isa = PBXFileReference; lastKnownFileType = sourcecode.swift; path = ViewController.swift; sourceTree = "<group>"; };
		00E318042563F5E60017F21C /* Base */ = {isa = PBXFileReference; lastKnownFileType = file.storyboard; name = Base; path = Base.lproj/Main.storyboard; sourceTree = "<group>"; };
		00E318062563F5E80017F21C /* Assets.xcassets */ = {isa = PBXFileReference; lastKnownFileType = folder.assetcatalog; path = Assets.xcassets; sourceTree = "<group>"; };
		00E318092563F5E80017F21C /* Base */ = {isa = PBXFileReference; lastKnownFileType = file.storyboard; name = Base; path = Base.lproj/LaunchScreen.storyboard; sourceTree = "<group>"; };
		00E3180B2563F5E80017F21C /* Info.plist */ = {isa = PBXFileReference; lastKnownFileType = text.plist.xml; path = Info.plist; sourceTree = "<group>"; };
/* End PBXFileReference section */

/* Begin PBXFrameworksBuildPhase section */
		00E317F72563F5E60017F21C /* Frameworks */ = {
			isa = PBXFrameworksBuildPhase;
			buildActionMask = 2147483647;
			files = (
			);
			runOnlyForDeploymentPostprocessing = 0;
		};
/* End PBXFrameworksBuildPhase section */

/* Begin PBXGroup section */
		00E317F12563F5E60017F21C = {
			isa = PBXGroup;
			children = (
				00E317FC2563F5E60017F21C /* t-chatReworked */,
				00E317FB2563F5E60017F21C /* Products */,
			);
			sourceTree = "<group>";
		};
		00E317FB2563F5E60017F21C /* Products */ = {
			isa = PBXGroup;
			children = (
				00E317FA2563F5E60017F21C /* t-chatReworked.app */,
			);
			name = Products;
			sourceTree = "<group>";
		};
		00E317FC2563F5E60017F21C /* t-chatReworked */ = {
			isa = PBXGroup;
			children = (
				00E317FD2563F5E60017F21C /* AppDelegate.swift */,
				00E317FF2563F5E60017F21C /* SceneDelegate.swift */,
				00E318012563F5E60017F21C /* ViewController.swift */,
				00E318032563F5E60017F21C /* Main.storyboard */,
				00E318062563F5E80017F21C /* Assets.xcassets */,
				00E318082563F5E80017F21C /* LaunchScreen.storyboard */,
				00E3180B2563F5E80017F21C /* Info.plist */,
			);
			path = "t-chatReworked";
			sourceTree = "<group>";
		};
/* End PBXGroup section */

/* Begin PBXNativeTarget section */
		00E317F92563F5E60017F21C /* t-chatReworked */ = {
			isa = PBXNativeTarget;
			buildConfigurationList = 00E3180E2563F5E80017F21C /* Build configuration list for PBXNativeTarget "t-chatReworked" */;
			buildPhases = (
				00E317F62563F5E60017F21C /* Sources */,
				00E317F72563F5E60017F21C /* Frameworks */,
				00E317F82563F5E60017F21C /* Resources */,
			);
			buildRules = (
			);
			dependencies = (
			);
			name = "t-chatReworked";
			productName = "t-chatReworked";
			productReference = 00E317FA2563F5E60017F21C /* t-chatReworked.app */;
			productType = "com.apple.product-type.application";
		};
/* End PBXNativeTarget section */

/* Begin PBXProject section */
		00E317F22563F5E60017F21C /* Project object */ = {
			isa = PBXProject;
			attributes = {
				LastSwiftUpdateCheck = 1170;
				LastUpgradeCheck = 1170;
				ORGANIZATIONNAME = home;
				TargetAttributes = {
					00E317F92563F5E60017F21C = {
						CreatedOnToolsVersion = 11.7;
					};
				};
			};
			buildConfigurationList = 00E317F52563F5E60017F21C /* Build configuration list for PBXProject "t-chatReworked" */;
			compatibilityVersion = "Xcode 9.3";
			developmentRegion = en;
			hasScannedForEncodings = 0;
			knownRegions = (
				en,
				Base,
			);
			mainGroup = 00E317F12563F5E60017F21C;
			productRefGroup = 00E317FB2563F5E60017F21C /* Products */;
			projectDirPath = "";
			projectRoot = "";
			targets = (
				00E317F92563F5E60017F21C /* t-chatReworked */,
			);
		};
/* End PBXProject section */

/* Begin PBXResourcesBuildPhase section */
		00E317F82563F5E60017F21C /* Resources */ = {
			isa = PBXResourcesBuildPhase;
			buildActionMask = 2147483647;
			files = (
				00E3180A2563F5E80017F21C /* LaunchScreen.storyboard in Resources */,
				00E318072563F5E80017F21C /* Assets.xcassets in Resources */,
				00E318052563F5E60017F21C /* Main.storyboard in Resources */,
			);
			runOnlyForDeploymentPostprocessing = 0;
		};
/* End PBXResourcesBuildPhase section */

/* Begin PBXSourcesBuildPhase section */
		00E317F62563F5E60017F21C /* Sources */ = {
			isa = PBXSourcesBuildPhase;
			buildActionMask = 2147483647;
			files = (
				00E318022563F5E60017F21C /* ViewController.swift in Sources */,
				00E317FE2563F5E60017F21C /* AppDelegate.swift in Sources */,
				00E318002563F5E60017F21C /* SceneDelegate.swift in Sources */,
			);
			runOnlyForDeploymentPostprocessing = 0;
		};
/* End PBXSourcesBuildPhase section */

/* Begin PBXVariantGroup section */
		00E318032563F5E60017F21C /* Main.storyboard */ = {
			isa = PBXVariantGroup;
			children = (
				00E318042563F5E60017F21C /* Base */,
			);
			name = Main.storyboard;
			sourceTree = "<group>";
		};
		00E318082563F5E80017F21C /* LaunchScreen.storyboard */ = {
			isa = PBXVariantGroup;
			children = (
				00E318092563F5E80017F21C /* Base */,
			);
			name = LaunchScreen.storyboard;
			sourceTree = "<group>";
		};
/* End PBXVariantGroup section */

/* Begin XCBuildConfiguration section */
		00E3180C2563F5E80017F21C /* Debug */ = {
			isa = XCBuildConfiguration;
			buildSettings = {
				ALWAYS_SEARCH_USER_PATHS = NO;
				CLANG_ANALYZER_NONNULL = YES;
				CLANG_ANALYZER_NUMBER_OBJECT_CONVERSION = YES_AGGRESSIVE;
				CLANG_CXX_LANGUAGE_STANDARD = "gnu++14";
				CLANG_CXX_LIBRARY = "libc++";
				CLANG_ENABLE_MODULES = YES;
				CLANG_ENABLE_OBJC_ARC = YES;
				CLANG_ENABLE_OBJC_WEAK = YES;
				CLANG_WARN_BLOCK_CAPTURE_AUTORELEASING = YES;
				CLANG_WARN_BOOL_CONVERSION = YES;
				CLANG_WARN_COMMA = YES;
				CLANG_WARN_CONSTANT_CONVERSION = YES;
				CLANG_WARN_DEPRECATED_OBJC_IMPLEMENTATIONS = YES;
				CLANG_WARN_DIRECT_OBJC_ISA_USAGE = YES_ERROR;
				CLANG_WARN_DOCUMENTATION_COMMENTS = YES;
				CLANG_WARN_EMPTY_BODY = YES;
				CLANG_WARN_ENUM_CONVERSION = YES;
				CLANG_WARN_INFINITE_RECURSION = YES;
				CLANG_WARN_INT_CONVERSION = YES;
				CLANG_WARN_NON_LITERAL_NULL_CONVERSION = YES;
				CLANG_WARN_OBJC_IMPLICIT_RETAIN_SELF = YES;
				CLANG_WARN_OBJC_LITERAL_CONVERSION = YES;
				CLANG_WARN_OBJC_ROOT_CLASS = YES_ERROR;
				CLANG_WARN_RANGE_LOOP_ANALYSIS = YES;
				CLANG_WARN_STRICT_PROTOTYPES = YES;
				CLANG_WARN_SUSPICIOUS_MOVE = YES;
				CLANG_WARN_UNGUARDED_AVAILABILITY = YES_AGGRESSIVE;
				CLANG_WARN_UNREACHABLE_CODE = YES;
				CLANG_WARN__DUPLICATE_METHOD_MATCH = YES;
				COPY_PHASE_STRIP = NO;
				DEBUG_INFORMATION_FORMAT = dwarf;
				ENABLE_STRICT_OBJC_MSGSEND = YES;
				ENABLE_TESTABILITY = YES;
				GCC_C_LANGUAGE_STANDARD = gnu11;
				GCC_DYNAMIC_NO_PIC = NO;
				GCC_NO_COMMON_BLOCKS = YES;
				GCC_OPTIMIZATION_LEVEL = 0;
				GCC_PREPROCESSOR_DEFINITIONS = (
					"DEBUG=1",
					"$(inherited)",
				);
				GCC_WARN_64_TO_32_BIT_CONVERSION = YES;
				GCC_WARN_ABOUT_RETURN_TYPE = YES_ERROR;
				GCC_WARN_UNDECLARED_SELECTOR = YES;
				GCC_WARN_UNINITIALIZED_AUTOS = YES_AGGRESSIVE;
				GCC_WARN_UNUSED_FUNCTION = YES;
				GCC_WARN_UNUSED_VARIABLE = YES;
				IPHONEOS_DEPLOYMENT_TARGET = 13.7;
				MTL_ENABLE_DEBUG_INFO = INCLUDE_SOURCE;
				MTL_FAST_MATH = YES;
				ONLY_ACTIVE_ARCH = YES;
				SDKROOT = iphoneos;
				SWIFT_ACTIVE_COMPILATION_CONDITIONS = DEBUG;
				SWIFT_OPTIMIZATION_LEVEL = "-Onone";
			};
			name = Debug;
		};
		00E3180D2563F5E80017F21C /* Release */ = {
			isa = XCBuildConfiguration;
			buildSettings = {
				ALWAYS_SEARCH_USER_PATHS = NO;
				CLANG_ANALYZER_NONNULL = YES;
				CLANG_ANALYZER_NUMBER_OBJECT_CONVERSION = YES_AGGRESSIVE;
				CLANG_CXX_LANGUAGE_STANDARD = "gnu++14";
				CLANG_CXX_LIBRARY = "libc++";
				CLANG_ENABLE_MODULES = YES;
				CLANG_ENABLE_OBJC_ARC = YES;
				CLANG_ENABLE_OBJC_WEAK = YES;
				CLANG_WARN_BLOCK_CAPTURE_AUTORELEASING = YES;
				CLANG_WARN_BOOL_CONVERSION = YES;
				CLANG_WARN_COMMA = YES;
				CLANG_WARN_CONSTANT_CONVERSION = YES;
				CLANG_WARN_DEPRECATED_OBJC_IMPLEMENTATIONS = YES;
				CLANG_WARN_DIRECT_OBJC_ISA_USAGE = YES_ERROR;
				CLANG_WARN_DOCUMENTATION_COMMENTS = YES;
				CLANG_WARN_EMPTY_BODY = YES;
				CLANG_WARN_ENUM_CONVERSION = YES;
				CLANG_WARN_INFINITE_RECURSION = YES;
				CLANG_WARN_INT_CONVERSION = YES;
				CLANG_WARN_NON_LITERAL_NULL_CONVERSION = YES;
				CLANG_WARN_OBJC_IMPLICIT_RETAIN_SELF = YES;
				CLANG_WARN_OBJC_LITERAL_CONVERSION = YES;
				CLANG_WARN_OBJC_ROOT_CLASS = YES_ERROR;
				CLANG_WARN_RANGE_LOOP_ANALYSIS = YES;
				CLANG_WARN_STRICT_PROTOTYPES = YES;
				CLANG_WARN_SUSPICIOUS_MOVE = YES;
				CLANG_WARN_UNGUARDED_AVAILABILITY = YES_AGGRESSIVE;
				CLANG_WARN_UNREACHABLE_CODE = YES;
				CLANG_WARN__DUPLICATE_METHOD_MATCH = YES;
				COPY_PHASE_STRIP = NO;
				DEBUG_INFORMATION_FORMAT = "dwarf-with-dsym";
				ENABLE_NS_ASSERTIONS = NO;
				ENABLE_STRICT_OBJC_MSGSEND = YES;
				GCC_C_LANGUAGE_STANDARD = gnu11;
				GCC_NO_COMMON_BLOCKS = YES;
				GCC_WARN_64_TO_32_BIT_CONVERSION = YES;
				GCC_WARN_ABOUT_RETURN_TYPE = YES_ERROR;
				GCC_WARN_UNDECLARED_SELECTOR = YES;
				GCC_WARN_UNINITIALIZED_AUTOS = YES_AGGRESSIVE;
				GCC_WARN_UNUSED_FUNCTION = YES;
				GCC_WARN_UNUSED_VARIABLE = YES;
				IPHONEOS_DEPLOYMENT_TARGET = 13.7;
				MTL_ENABLE_DEBUG_INFO = NO;
				MTL_FAST_MATH = YES;
				SDKROOT = iphoneos;
				SWIFT_COMPILATION_MODE = wholemodule;
				SWIFT_OPTIMIZATION_LEVEL = "-O";
				VALIDATE_PRODUCT = YES;
			};
			name = Release;
		};
		00E3180F2563F5E80017F21C /* Debug */ = {
			isa = XCBuildConfiguration;
			buildSettings = {
				ASSETCATALOG_COMPILER_APPICON_NAME = AppIcon;
				CODE_SIGN_STYLE = Automatic;
				DEVELOPMENT_TEAM = 6PM6W9L3YQ;
				INFOPLIST_FILE = "t-chatReworked/Info.plist";
				LD_RUNPATH_SEARCH_PATHS = (
					"$(inherited)",
					"@executable_path/Frameworks",
				);
				PRODUCT_BUNDLE_IDENTIFIER = "ru.home.t-chatReworked";
				PRODUCT_NAME = "$(TARGET_NAME)";
				SWIFT_VERSION = 5.0;
				TARGETED_DEVICE_FAMILY = "1,2";
			};
			name = Debug;
		};
		00E318102563F5E80017F21C /* Release */ = {
			isa = XCBuildConfiguration;
			buildSettings = {
				ASSETCATALOG_COMPILER_APPICON_NAME = AppIcon;
				CODE_SIGN_STYLE = Automatic;
				DEVELOPMENT_TEAM = 6PM6W9L3YQ;
				INFOPLIST_FILE = "t-chatReworked/Info.plist";
				LD_RUNPATH_SEARCH_PATHS = (
					"$(inherited)",
					"@executable_path/Frameworks",
				);
				PRODUCT_BUNDLE_IDENTIFIER = "ru.home.t-chatReworked";
				PRODUCT_NAME = "$(TARGET_NAME)";
				SWIFT_VERSION = 5.0;
				TARGETED_DEVICE_FAMILY = "1,2";
			};
			name = Release;
		};
/* End XCBuildConfiguration section */

/* Begin XCConfigurationList section */
		00E317F52563F5E60017F21C /* Build configuration list for PBXProject "t-chatReworked" */ = {
			isa = XCConfigurationList;
			buildConfigurations = (
				00E3180C2563F5E80017F21C /* Debug */,
				00E3180D2563F5E80017F21C /* Release */,
			);
			defaultConfigurationIsVisible = 0;
			defaultConfigurationName = Release;
		};
		00E3180E2563F5E80017F21C /* Build configuration list for PBXNativeTarget "t-chatReworked" */ = {
			isa = XCConfigurationList;
			buildConfigurations = (
				00E3180F2563F5E80017F21C /* Debug */,
				00E318102563F5E80017F21C /* Release */,
			);
			defaultConfigurationIsVisible = 0;
			defaultConfigurationName = Release;
		};
/* End XCConfigurationList section */
	};
	rootObject = 00E317F22563F5E60017F21C /* Project object */;
}
